{
  "name": "generator",
  "version": "1.0.0",
  "lockfileVersion": 2,
  "requires": true,
  "packages": {
    "": {
      "version": "1.0.0",
      "license": "ISC",
      "dependencies": {
        "@react-jsonschema-form-components/creatable-react-select": "2.0.2",
        "@react-jsonschema-form-components/empty-div": "1.0.1",
        "@react-jsonschema-form-components/material-checkbox": "2.0.4",
        "@react-jsonschema-form-components/material-input": "2.0.1",
        "@react-jsonschema-form-components/material-picker": "2.0.0",
        "@react-jsonschema-form-components/material-radio-group": "2.0.1",
        "@react-jsonschema-form-components/material-select": "2.0.1",
        "@react-jsonschema-form-components/react-select": "2.0.1",
        "@react-jsonschema-form-components/rich-text-editor": "1.0.2",
        "@react-jsonschema-form-components/upload": "1.0.4",
        "@react-jsonschema-form-interceptors/translate-currency": "1.0.4",
        "@react-jsonschema-form-interceptors/translate-range-date": "1.0.2",
        "@react-jsonschema-form-interceptors/translate-ratings": "1.0.1",
        "@react-jsonschema-form-utils/enum-utils": "2.0.1",
        "@react-jsonschema-form-utils/parse-values": "2.0.1"
      }
    },
    "node_modules/@react-jsonschema-form-components/creatable-react-select": {
      "version": "2.0.2",
      "resolved": "https://registry.npmjs.org/@react-jsonschema-form-components/creatable-react-select/-/creatable-react-select-2.0.2.tgz",
      "integrity": "sha512-yHumkHyIYflR1n35Kg8vksna5snCw6RNUikxowFN84j0nSI+mlld1a0IjuLugEcMfKa8yaxmbG2hD9k8AM1K/w==",
      "dependencies": {
        "@react-jsonschema-form-utils/enum-utils": "2.0.1",
        "@react-jsonschema-form-utils/parse-values": "2.0.1"
      }
    },
    "node_modules/@react-jsonschema-form-components/empty-div": {
      "version": "1.0.1",
      "resolved": "https://registry.npmjs.org/@react-jsonschema-form-components/empty-div/-/empty-div-1.0.1.tgz",
      "integrity": "sha512-1MPi6NfhdofUIGM99R80HK38vLPr7ufTDqMWDS4EoTFCQu2i1FQMmySZywnD4GKsseIqIRgw+TvfjtIEvTJVYg=="
    },
    "node_modules/@react-jsonschema-form-components/material-checkbox": {
      "version": "2.0.4",
      "resolved": "https://registry.npmjs.org/@react-jsonschema-form-components/material-checkbox/-/material-checkbox-2.0.4.tgz",
      "integrity": "sha512-Ruj2Ru6GMAkLQ0Mlyjfc+HQAUQDTYdM2hoXgnndU8IyirulN5FIWAFL15Ou8oj3wteWZVNu5DfK39gTA0FbkZA==",
      "dependencies": {
        "@react-jsonschema-form-utils/enum-utils": "2.0.1"
      }
    },
    "node_modules/@react-jsonschema-form-components/material-input": {
      "version": "2.0.1",
      "resolved": "https://registry.npmjs.org/@react-jsonschema-form-components/material-input/-/material-input-2.0.1.tgz",
      "integrity": "sha512-QU248bV9k1eUAI9vl527M8IgFUTH/GdFF0XExqflHV8jHcjpP2o/JNHdtZsnsI77pchy8EnnKBvJaRjGLN9YvA==",
      "dependencies": {
        "@react-jsonschema-form-utils/enum-utils": "2.0.1",
        "@react-jsonschema-form-utils/parse-values": "2.0.1"
      }
    },
    "node_modules/@react-jsonschema-form-components/material-picker": {
      "version": "2.0.0",
      "resolved": "https://registry.npmjs.org/@react-jsonschema-form-components/material-picker/-/material-picker-2.0.0.tgz",
      "integrity": "sha512-WbMv4g/5dg4iQRn46vJGkSnxpkEM0pcAcWc/bJnHIc7fWWpQW/jQk48JaH3ACRxeX2CDtVNYBgQtyZLbKEuxZg=="
    },
    "node_modules/@react-jsonschema-form-components/material-radio-group": {
      "version": "2.0.1",
      "resolved": "https://registry.npmjs.org/@react-jsonschema-form-components/material-radio-group/-/material-radio-group-2.0.1.tgz",
      "integrity": "sha512-eMUObdPZ9VMNc5WE4dWrZ3p2qN5GiTe3SfFh//27QnWAlD9nBIEL2hQfJneeE9dgriAotYVAZyfPoqUVYliVlw==",
      "dependencies": {
        "@react-jsonschema-form-utils/enum-utils": "2.0.1",
        "@react-jsonschema-form-utils/parse-values": "2.0.1"
      }
    },
    "node_modules/@react-jsonschema-form-components/material-select": {
      "version": "2.0.1",
      "resolved": "https://registry.npmjs.org/@react-jsonschema-form-components/material-select/-/material-select-2.0.1.tgz",
      "integrity": "sha512-1lbYly+/qco1Cl2LrIUKSzahZ7BMGSIafl3tGVHmjAgoSdllIXVRu99zvUzg+Lp62wkxLBAO1MvgYA1h3I4gwA==",
      "dependencies": {
        "@react-jsonschema-form-utils/enum-utils": "2.0.1",
        "@react-jsonschema-form-utils/parse-values": "2.0.1"
      }
    },
    "node_modules/@react-jsonschema-form-components/react-select": {
      "version": "2.0.1",
      "resolved": "https://registry.npmjs.org/@react-jsonschema-form-components/react-select/-/react-select-2.0.1.tgz",
      "integrity": "sha512-wo7AbmIJ6Uw6av4Hgsk4DvthVJr/Gvbw+aNegY4c/6MCUMzdGqpl+Qig6Ucvio6p3FXmm1Z3YgoteaOQ4Stk5w==",
      "dependencies": {
        "@react-jsonschema-form-utils/enum-utils": "2.0.1",
        "@react-jsonschema-form-utils/parse-values": "2.0.1"
      }
    },
    "node_modules/@react-jsonschema-form-components/rich-text-editor": {
      "version": "1.0.2",
      "resolved": "https://registry.npmjs.org/@react-jsonschema-form-components/rich-text-editor/-/rich-text-editor-1.0.2.tgz",
      "integrity": "sha512-F8dgEWPFqR+ZqEpxKD1so1769L6mJt3AosF+LGfGTPoTBzbyLAOCbllg4rNq3t44PXEGZLMhSwi8qMzYsdRZTA=="
    },
    "node_modules/@react-jsonschema-form-components/upload": {
      "version": "1.0.4",
      "resolved": "https://registry.npmjs.org/@react-jsonschema-form-components/upload/-/upload-1.0.4.tgz",
      "integrity": "sha512-XpeVgwM/LoB2ZbsfK3tStinmNx0Z2B7LPgGp68w3ZFPiaaTJL61y4muizGAPyNCZzmUWRpN6Iw/na/U+QWj7HQ=="
    },
    "node_modules/@react-jsonschema-form-interceptors/translate-currency": {
      "version": "1.0.4",
      "resolved": "https://registry.npmjs.org/@react-jsonschema-form-interceptors/translate-currency/-/translate-currency-1.0.4.tgz",
      "integrity": "sha512-x6uXhTGc/W7C3WqUI+TbnyTyDLowDVuh2+ZufAR56cE3ZUyUV2MEx6eaGbNsfUUWDQf7FjloQ7FH1H/jYL+U4w=="
    },
    "node_modules/@react-jsonschema-form-interceptors/translate-range-date": {
      "version": "1.0.2",
      "resolved": "https://registry.npmjs.org/@react-jsonschema-form-interceptors/translate-range-date/-/translate-range-date-1.0.2.tgz",
      "integrity": "sha512-tFVMf9tpEw02DmGK5L540H9pzqqXUtkFKb8uuKg3sMAi4VCxNhX8hphnTy43c3KsH7rPDwcALlZrW743x2bY2g=="
    },
    "node_modules/@react-jsonschema-form-interceptors/translate-ratings": {
      "version": "1.0.1",
      "resolved": "https://registry.npmjs.org/@react-jsonschema-form-interceptors/translate-ratings/-/translate-ratings-1.0.1.tgz",
      "integrity": "sha512-ygg+bJssO7k+zG48GMVGxf8lVuSoQn12Da12PUFxBJgk+5MKUy0xASrhEF7iujPyxgWJoQ0aof+SrVcYqYO4Kw=="
    },
    "node_modules/@react-jsonschema-form-utils/enum-utils": {
      "version": "2.0.1",
      "resolved": "https://registry.npmjs.org/@react-jsonschema-form-utils/enum-utils/-/enum-utils-2.0.1.tgz",
      "integrity": "sha512-NiXHHyK8+RmOmpmiL5CBpPFohNKtJrXSpEX72Y/Sm76U2ASMC7s965mzkR6RInkNZqBYHv8S1GVsc7aTDZnybw=="
    },
    "node_modules/@react-jsonschema-form-utils/parse-values": {
      "version": "2.0.1",
      "resolved": "https://registry.npmjs.org/@react-jsonschema-form-utils/parse-values/-/parse-values-2.0.1.tgz",
      "integrity": "sha512-sc1XPMigGTANDzcKnagiirenHHSTiukt7dPlmGTCujRxz3SBOoGUHDTe2/iQwYLul/+aS5clKQZDxaQRyYsz8g=="
    }
  },
  "dependencies": {
    "@react-jsonschema-form-components/creatable-react-select": {
      "version": "2.0.2",
      "resolved": "https://registry.npmjs.org/@react-jsonschema-form-components/creatable-react-select/-/creatable-react-select-2.0.2.tgz",
      "integrity": "sha512-yHumkHyIYflR1n35Kg8vksna5snCw6RNUikxowFN84j0nSI+mlld1a0IjuLugEcMfKa8yaxmbG2hD9k8AM1K/w==",
      "requires": {
        "@react-jsonschema-form-utils/enum-utils": "2.0.1",
        "@react-jsonschema-form-utils/parse-values": "2.0.1"
      }
    },
    "@react-jsonschema-form-components/empty-div": {
      "version": "1.0.1",
      "resolved": "https://registry.npmjs.org/@react-jsonschema-form-components/empty-div/-/empty-div-1.0.1.tgz",
      "integrity": "sha512-1MPi6NfhdofUIGM99R80HK38vLPr7ufTDqMWDS4EoTFCQu2i1FQMmySZywnD4GKsseIqIRgw+TvfjtIEvTJVYg=="
    },
    "@react-jsonschema-form-components/material-checkbox": {
      "version": "2.0.4",
      "resolved": "https://registry.npmjs.org/@react-jsonschema-form-components/material-checkbox/-/material-checkbox-2.0.4.tgz",
      "integrity": "sha512-Ruj2Ru6GMAkLQ0Mlyjfc+HQAUQDTYdM2hoXgnndU8IyirulN5FIWAFL15Ou8oj3wteWZVNu5DfK39gTA0FbkZA==",
      "requires": {
        "@react-jsonschema-form-utils/enum-utils": "2.0.1"
      }
    },
    "@react-jsonschema-form-components/material-input": {
      "version": "2.0.1",
      "resolved": "https://registry.npmjs.org/@react-jsonschema-form-components/material-input/-/material-input-2.0.1.tgz",
      "integrity": "sha512-QU248bV9k1eUAI9vl527M8IgFUTH/GdFF0XExqflHV8jHcjpP2o/JNHdtZsnsI77pchy8EnnKBvJaRjGLN9YvA==",
      "requires": {
        "@react-jsonschema-form-utils/enum-utils": "2.0.1",
        "@react-jsonschema-form-utils/parse-values": "2.0.1"
      }
    },
    "@react-jsonschema-form-components/material-picker": {
      "version": "2.0.0",
      "resolved": "https://registry.npmjs.org/@react-jsonschema-form-components/material-picker/-/material-picker-2.0.0.tgz",
      "integrity": "sha512-WbMv4g/5dg4iQRn46vJGkSnxpkEM0pcAcWc/bJnHIc7fWWpQW/jQk48JaH3ACRxeX2CDtVNYBgQtyZLbKEuxZg=="
    },
    "@react-jsonschema-form-components/material-radio-group": {
      "version": "2.0.1",
      "resolved": "https://registry.npmjs.org/@react-jsonschema-form-components/material-radio-group/-/material-radio-group-2.0.1.tgz",
      "integrity": "sha512-eMUObdPZ9VMNc5WE4dWrZ3p2qN5GiTe3SfFh//27QnWAlD9nBIEL2hQfJneeE9dgriAotYVAZyfPoqUVYliVlw==",
      "requires": {
        "@react-jsonschema-form-utils/enum-utils": "2.0.1",
        "@react-jsonschema-form-utils/parse-values": "2.0.1"
      }
    },
    "@react-jsonschema-form-components/material-select": {
      "version": "2.0.1",
      "resolved": "https://registry.npmjs.org/@react-jsonschema-form-components/material-select/-/material-select-2.0.1.tgz",
      "integrity": "sha512-1lbYly+/qco1Cl2LrIUKSzahZ7BMGSIafl3tGVHmjAgoSdllIXVRu99zvUzg+Lp62wkxLBAO1MvgYA1h3I4gwA==",
      "requires": {
        "@react-jsonschema-form-utils/enum-utils": "2.0.1",
        "@react-jsonschema-form-utils/parse-values": "2.0.1"
      }
    },
    "@react-jsonschema-form-components/react-select": {
      "version": "2.0.1",
      "resolved": "https://registry.npmjs.org/@react-jsonschema-form-components/react-select/-/react-select-2.0.1.tgz",
      "integrity": "sha512-wo7AbmIJ6Uw6av4Hgsk4DvthVJr/Gvbw+aNegY4c/6MCUMzdGqpl+Qig6Ucvio6p3FXmm1Z3YgoteaOQ4Stk5w==",
      "requires": {
        "@react-jsonschema-form-utils/enum-utils": "2.0.1",
        "@react-jsonschema-form-utils/parse-values": "2.0.1"
      }
    },
    "@react-jsonschema-form-components/rich-text-editor": {
      "version": "1.0.2",
      "resolved": "https://registry.npmjs.org/@react-jsonschema-form-components/rich-text-editor/-/rich-text-editor-1.0.2.tgz",
      "integrity": "sha512-F8dgEWPFqR+ZqEpxKD1so1769L6mJt3AosF+LGfGTPoTBzbyLAOCbllg4rNq3t44PXEGZLMhSwi8qMzYsdRZTA=="
    },
    "@react-jsonschema-form-components/upload": {
      "version": "1.0.4",
      "resolved": "https://registry.npmjs.org/@react-jsonschema-form-components/upload/-/upload-1.0.4.tgz",
      "integrity": "sha512-XpeVgwM/LoB2ZbsfK3tStinmNx0Z2B7LPgGp68w3ZFPiaaTJL61y4muizGAPyNCZzmUWRpN6Iw/na/U+QWj7HQ=="
    },
    "@react-jsonschema-form-interceptors/translate-currency": {
      "version": "1.0.4",
      "resolved": "https://registry.npmjs.org/@react-jsonschema-form-interceptors/translate-currency/-/translate-currency-1.0.4.tgz",
      "integrity": "sha512-x6uXhTGc/W7C3WqUI+TbnyTyDLowDVuh2+ZufAR56cE3ZUyUV2MEx6eaGbNsfUUWDQf7FjloQ7FH1H/jYL+U4w=="
    },
    "@react-jsonschema-form-interceptors/translate-range-date": {
      "version": "1.0.2",
      "resolved": "https://registry.npmjs.org/@react-jsonschema-form-interceptors/translate-range-date/-/translate-range-date-1.0.2.tgz",
      "integrity": "sha512-tFVMf9tpEw02DmGK5L540H9pzqqXUtkFKb8uuKg3sMAi4VCxNhX8hphnTy43c3KsH7rPDwcALlZrW743x2bY2g=="
    },
    "@react-jsonschema-form-interceptors/translate-ratings": {
      "version": "1.0.1",
      "resolved": "https://registry.npmjs.org/@react-jsonschema-form-interceptors/translate-ratings/-/translate-ratings-1.0.1.tgz",
      "integrity": "sha512-ygg+bJssO7k+zG48GMVGxf8lVuSoQn12Da12PUFxBJgk+5MKUy0xASrhEF7iujPyxgWJoQ0aof+SrVcYqYO4Kw=="
    },
    "@react-jsonschema-form-utils/enum-utils": {
      "version": "2.0.1",
      "resolved": "https://registry.npmjs.org/@react-jsonschema-form-utils/enum-utils/-/enum-utils-2.0.1.tgz",
      "integrity": "sha512-NiXHHyK8+RmOmpmiL5CBpPFohNKtJrXSpEX72Y/Sm76U2ASMC7s965mzkR6RInkNZqBYHv8S1GVsc7aTDZnybw=="
    },
    "@react-jsonschema-form-utils/parse-values": {
      "version": "2.0.1",
      "resolved": "https://registry.npmjs.org/@react-jsonschema-form-utils/parse-values/-/parse-values-2.0.1.tgz",
      "integrity": "sha512-sc1XPMigGTANDzcKnagiirenHHSTiukt7dPlmGTCujRxz3SBOoGUHDTe2/iQwYLul/+aS5clKQZDxaQRyYsz8g=="
    }
  }
}
