{
  "name": "generator",
  "version": "1.0.0",
  "lockfileVersion": 2,
  "requires": true,
  "packages": {
    "": {
      "name": "generator",
      "version": "1.0.0",
      "license": "ISC",
      "dependencies": {
        "@react-jsonschema-form-components/creatable-react-select": "3.0.0",
        "@react-jsonschema-form-components/empty-div": "3.0.0",
        "@react-jsonschema-form-components/material-auto-complete": "3.0.1",
        "@react-jsonschema-form-components/material-checkbox": "3.0.1",
        "@react-jsonschema-form-components/material-input": "3.0.0",
        "@react-jsonschema-form-components/material-picker": "4.0.4",
        "@react-jsonschema-form-components/material-radio-group": "3.0.0",
        "@react-jsonschema-form-components/material-select": "3.0.0",
        "@react-jsonschema-form-components/react-select": "4.0.0",
        "@react-jsonschema-form-components/rich-text-editor": "3.0.0",
        "@react-jsonschema-form-components/upload": "4.0.0",
        "@react-jsonschema-form-interceptors/translate-currency": "2.0.0",
        "@react-jsonschema-form-interceptors/translate-range-date": "2.0.0",
        "@react-jsonschema-form-interceptors/translate-ratings": "2.0.0",
        "@react-jsonschema-form-utils/enum-utils": "2.0.1",
        "@react-jsonschema-form-utils/parse-values": "2.0.1"
      }
    },
    "node_modules/@react-jsonschema-form-components/creatable-react-select": {
      "version": "3.0.0",
      "resolved": "https://registry.npmjs.org/@react-jsonschema-form-components/creatable-react-select/-/creatable-react-select-3.0.0.tgz",
      "integrity": "sha512-xdAkaVx1MKHId7IFoKDmiCVXwnIqDjtzrKCeRlLi1pp9uRNyB4sjI7uZJJpKMDxQmQEPsO1fUem8YiXsynLIOw==",
      "dependencies": {
        "@react-jsonschema-form-utils/enum-utils": "2.0.1",
        "@react-jsonschema-form-utils/parse-values": "2.0.1"
      }
    },
    "node_modules/@react-jsonschema-form-components/empty-div": {
      "version": "3.0.0",
      "resolved": "https://registry.npmjs.org/@react-jsonschema-form-components/empty-div/-/empty-div-3.0.0.tgz",
      "integrity": "sha512-6PQHGrDY/NG+fXsn2xaSqKSFAXR8j8u4SMrF9g97AOaTsX4yz8Vruk+OzFHpsWBIVHV64CdqbzoCdpBtQQqYew=="
    },
    "node_modules/@react-jsonschema-form-components/material-auto-complete": {
      "version": "3.0.1",
      "resolved": "https://registry.npmjs.org/@react-jsonschema-form-components/material-auto-complete/-/material-auto-complete-3.0.1.tgz",
      "integrity": "sha512-drL9/vaWeHNevLjNvGZQF8uMwLls3rBxNUoRHzM3NMphaWOGGz4JlIK7fxJRNNKVsWH2ovsTyeQa40zNJt3RrA==",
      "dependencies": {
        "@react-jsonschema-form-utils/enum-utils": "2.0.1",
        "@react-jsonschema-form-utils/parse-values": "2.0.1"
      }
    },
    "node_modules/@react-jsonschema-form-components/material-checkbox": {
      "version": "3.0.1",
      "resolved": "https://registry.npmjs.org/@react-jsonschema-form-components/material-checkbox/-/material-checkbox-3.0.1.tgz",
      "integrity": "sha512-Ow9thpeHn4qSQixQ/HXBjAeFfExbYyYl4d7Bxf+WjxiO6YU6QeI91wUXJpflfRMweNIuolMJLs2SlEfI6fqQgQ==",
      "dependencies": {
        "@react-jsonschema-form-utils/enum-utils": "2.0.1"
      }
    },
    "node_modules/@react-jsonschema-form-components/material-input": {
      "version": "3.0.0",
      "resolved": "https://registry.npmjs.org/@react-jsonschema-form-components/material-input/-/material-input-3.0.0.tgz",
      "integrity": "sha512-OgkNuYoCRsnHhawQcaF3G4L6LLl/9VbimBMOLcPq+ukRH9KJ0tUm9uddnzZWO8l/S0WCOuEn+v2FamtqEO4UmA==",
      "dependencies": {
        "@react-jsonschema-form-utils/enum-utils": "2.0.1",
        "@react-jsonschema-form-utils/parse-values": "2.0.1"
      }
    },
    "node_modules/@react-jsonschema-form-components/material-picker": {
      "version": "4.0.4",
      "resolved": "https://registry.npmjs.org/@react-jsonschema-form-components/material-picker/-/material-picker-4.0.4.tgz",
      "integrity": "sha512-2oEBchlqV+EO/RHHUACC/EcnpZF/MR0CUZsP6fb37fzvygjra7d+T4nSpFuHy8yOlT1Tx8agOQT9+WTys20xTQ=="
    },
    "node_modules/@react-jsonschema-form-components/material-radio-group": {
      "version": "3.0.0",
      "resolved": "https://registry.npmjs.org/@react-jsonschema-form-components/material-radio-group/-/material-radio-group-3.0.0.tgz",
      "integrity": "sha512-jXZ59b24Ih34ZrLacQhFGFUFaRfPgG4DXW8wCb1feqHIJx/TW9sgF6e77BzsUxGG83RJbBqjVL9PR2XuBpzsyw==",
      "dependencies": {
        "@react-jsonschema-form-utils/enum-utils": "2.0.1",
        "@react-jsonschema-form-utils/parse-values": "2.0.1"
      }
    },
    "node_modules/@react-jsonschema-form-components/material-select": {
      "version": "3.0.0",
      "resolved": "https://registry.npmjs.org/@react-jsonschema-form-components/material-select/-/material-select-3.0.0.tgz",
      "integrity": "sha512-Yc5nY+fV85yS52EFPjIisi8+JRF0TVsBgidvFaUZ/ffA1Gmxm0Fyowbsf2OWi36KVfsepzUkiRfWD9PthPqg0g==",
      "dependencies": {
        "@react-jsonschema-form-utils/enum-utils": "2.0.1",
        "@react-jsonschema-form-utils/parse-values": "2.0.1"
      }
    },
    "node_modules/@react-jsonschema-form-components/react-select": {
      "version": "4.0.0",
      "resolved": "https://registry.npmjs.org/@react-jsonschema-form-components/react-select/-/react-select-4.0.0.tgz",
      "integrity": "sha512-Di9HusSIZFxOabDP6w2cGuLgaEtjgOO8b8i8DiaZvIsCUQrVIziMq28XeCxjWCcn3lqpgV4bkdvjrGeQUy7SNg==",
      "dependencies": {
        "@react-jsonschema-form-utils/enum-utils": "2.0.1",
        "@react-jsonschema-form-utils/parse-values": "2.0.1"
      }
    },
    "node_modules/@react-jsonschema-form-components/rich-text-editor": {
      "version": "3.0.0",
      "resolved": "https://registry.npmjs.org/@react-jsonschema-form-components/rich-text-editor/-/rich-text-editor-3.0.0.tgz",
      "integrity": "sha512-/+4PbTdQKAD9mcZAzBpdlvlA0HOuqcPxFPLUoXxuvP0RggkimSu19AJGX1RCBSCms30CUu7hlbI0FMMHZgxcWw=="
    },
    "node_modules/@react-jsonschema-form-components/upload": {
      "version": "4.0.0",
      "resolved": "https://registry.npmjs.org/@react-jsonschema-form-components/upload/-/upload-4.0.0.tgz",
      "integrity": "sha512-Aj7skytgKlH8PEEr7OC/CLg4L62KZ0yHgUP0tBAlka9gEfv8VfGltq1aPRaXULsb5pe2SdlmGuWZWCC2sJrQUw=="
    },
    "node_modules/@react-jsonschema-form-interceptors/translate-currency": {
      "version": "2.0.0",
      "resolved": "https://registry.npmjs.org/@react-jsonschema-form-interceptors/translate-currency/-/translate-currency-2.0.0.tgz",
      "integrity": "sha512-hxaUDffJ0xAUYrvtON2KW9OZfn2fKq1Dd+0HKF1nkuhcnILxJCDWIL7yLansF0KM5vVn2P0mC4lzRYKN9SM2rg=="
    },
    "node_modules/@react-jsonschema-form-interceptors/translate-range-date": {
      "version": "2.0.0",
      "resolved": "https://registry.npmjs.org/@react-jsonschema-form-interceptors/translate-range-date/-/translate-range-date-2.0.0.tgz",
      "integrity": "sha512-wctTwH3pW3MYNCtCvuPg48/hVI1lRZ4Zlfc/LY70RE92t/VJcjKmVSRbNZr3fSadmf+RwAZ/f9S+QqV10w39Dg=="
    },
    "node_modules/@react-jsonschema-form-interceptors/translate-ratings": {
      "version": "2.0.0",
      "resolved": "https://registry.npmjs.org/@react-jsonschema-form-interceptors/translate-ratings/-/translate-ratings-2.0.0.tgz",
      "integrity": "sha512-pcoHvYcBcSpd4HIocw2oYOscPKtTqINoS8bhdneC7AiRKc3fUeK3cXlWXbXD71RpG7EJblsfuxOmOVJ6Tj3bhA=="
    },
    "node_modules/@react-jsonschema-form-utils/enum-utils": {
      "version": "2.0.1",
      "resolved": "https://registry.npmjs.org/@react-jsonschema-form-utils/enum-utils/-/enum-utils-2.0.1.tgz",
      "integrity": "sha512-NiXHHyK8+RmOmpmiL5CBpPFohNKtJrXSpEX72Y/Sm76U2ASMC7s965mzkR6RInkNZqBYHv8S1GVsc7aTDZnybw=="
    },
    "node_modules/@react-jsonschema-form-utils/parse-values": {
      "version": "2.0.1",
      "resolved": "https://registry.npmjs.org/@react-jsonschema-form-utils/parse-values/-/parse-values-2.0.1.tgz",
      "integrity": "sha512-sc1XPMigGTANDzcKnagiirenHHSTiukt7dPlmGTCujRxz3SBOoGUHDTe2/iQwYLul/+aS5clKQZDxaQRyYsz8g=="
    }
  },
  "dependencies": {
    "@react-jsonschema-form-components/creatable-react-select": {
      "version": "3.0.0",
      "resolved": "https://registry.npmjs.org/@react-jsonschema-form-components/creatable-react-select/-/creatable-react-select-3.0.0.tgz",
      "integrity": "sha512-xdAkaVx1MKHId7IFoKDmiCVXwnIqDjtzrKCeRlLi1pp9uRNyB4sjI7uZJJpKMDxQmQEPsO1fUem8YiXsynLIOw==",
      "requires": {
        "@react-jsonschema-form-utils/enum-utils": "2.0.1",
        "@react-jsonschema-form-utils/parse-values": "2.0.1"
      }
    },
    "@react-jsonschema-form-components/empty-div": {
      "version": "3.0.0",
      "resolved": "https://registry.npmjs.org/@react-jsonschema-form-components/empty-div/-/empty-div-3.0.0.tgz",
      "integrity": "sha512-6PQHGrDY/NG+fXsn2xaSqKSFAXR8j8u4SMrF9g97AOaTsX4yz8Vruk+OzFHpsWBIVHV64CdqbzoCdpBtQQqYew=="
    },
    "@react-jsonschema-form-components/material-auto-complete": {
      "version": "3.0.1",
      "resolved": "https://registry.npmjs.org/@react-jsonschema-form-components/material-auto-complete/-/material-auto-complete-3.0.1.tgz",
      "integrity": "sha512-drL9/vaWeHNevLjNvGZQF8uMwLls3rBxNUoRHzM3NMphaWOGGz4JlIK7fxJRNNKVsWH2ovsTyeQa40zNJt3RrA==",
      "requires": {
        "@react-jsonschema-form-utils/enum-utils": "2.0.1",
        "@react-jsonschema-form-utils/parse-values": "2.0.1"
      }
    },
    "@react-jsonschema-form-components/material-checkbox": {
      "version": "3.0.1",
      "resolved": "https://registry.npmjs.org/@react-jsonschema-form-components/material-checkbox/-/material-checkbox-3.0.1.tgz",
      "integrity": "sha512-Ow9thpeHn4qSQixQ/HXBjAeFfExbYyYl4d7Bxf+WjxiO6YU6QeI91wUXJpflfRMweNIuolMJLs2SlEfI6fqQgQ==",
      "requires": {
        "@react-jsonschema-form-utils/enum-utils": "2.0.1"
      }
    },
    "@react-jsonschema-form-components/material-input": {
      "version": "3.0.0",
      "resolved": "https://registry.npmjs.org/@react-jsonschema-form-components/material-input/-/material-input-3.0.0.tgz",
      "integrity": "sha512-OgkNuYoCRsnHhawQcaF3G4L6LLl/9VbimBMOLcPq+ukRH9KJ0tUm9uddnzZWO8l/S0WCOuEn+v2FamtqEO4UmA==",
      "requires": {
        "@react-jsonschema-form-utils/enum-utils": "2.0.1",
        "@react-jsonschema-form-utils/parse-values": "2.0.1"
      }
    },
    "@react-jsonschema-form-components/material-picker": {
      "version": "4.0.4",
      "resolved": "https://registry.npmjs.org/@react-jsonschema-form-components/material-picker/-/material-picker-4.0.4.tgz",
      "integrity": "sha512-2oEBchlqV+EO/RHHUACC/EcnpZF/MR0CUZsP6fb37fzvygjra7d+T4nSpFuHy8yOlT1Tx8agOQT9+WTys20xTQ=="
    },
    "@react-jsonschema-form-components/material-radio-group": {
      "version": "3.0.0",
      "resolved": "https://registry.npmjs.org/@react-jsonschema-form-components/material-radio-group/-/material-radio-group-3.0.0.tgz",
      "integrity": "sha512-jXZ59b24Ih34ZrLacQhFGFUFaRfPgG4DXW8wCb1feqHIJx/TW9sgF6e77BzsUxGG83RJbBqjVL9PR2XuBpzsyw==",
      "requires": {
        "@react-jsonschema-form-utils/enum-utils": "2.0.1",
        "@react-jsonschema-form-utils/parse-values": "2.0.1"
      }
    },
    "@react-jsonschema-form-components/material-select": {
      "version": "3.0.0",
      "resolved": "https://registry.npmjs.org/@react-jsonschema-form-components/material-select/-/material-select-3.0.0.tgz",
      "integrity": "sha512-Yc5nY+fV85yS52EFPjIisi8+JRF0TVsBgidvFaUZ/ffA1Gmxm0Fyowbsf2OWi36KVfsepzUkiRfWD9PthPqg0g==",
      "requires": {
        "@react-jsonschema-form-utils/enum-utils": "2.0.1",
        "@react-jsonschema-form-utils/parse-values": "2.0.1"
      }
    },
    "@react-jsonschema-form-components/react-select": {
      "version": "4.0.0",
      "resolved": "https://registry.npmjs.org/@react-jsonschema-form-components/react-select/-/react-select-4.0.0.tgz",
      "integrity": "sha512-Di9HusSIZFxOabDP6w2cGuLgaEtjgOO8b8i8DiaZvIsCUQrVIziMq28XeCxjWCcn3lqpgV4bkdvjrGeQUy7SNg==",
      "requires": {
        "@react-jsonschema-form-utils/enum-utils": "2.0.1",
        "@react-jsonschema-form-utils/parse-values": "2.0.1"
      }
    },
    "@react-jsonschema-form-components/rich-text-editor": {
      "version": "3.0.0",
      "resolved": "https://registry.npmjs.org/@react-jsonschema-form-components/rich-text-editor/-/rich-text-editor-3.0.0.tgz",
      "integrity": "sha512-/+4PbTdQKAD9mcZAzBpdlvlA0HOuqcPxFPLUoXxuvP0RggkimSu19AJGX1RCBSCms30CUu7hlbI0FMMHZgxcWw=="
    },
    "@react-jsonschema-form-components/upload": {
      "version": "4.0.0",
      "resolved": "https://registry.npmjs.org/@react-jsonschema-form-components/upload/-/upload-4.0.0.tgz",
      "integrity": "sha512-Aj7skytgKlH8PEEr7OC/CLg4L62KZ0yHgUP0tBAlka9gEfv8VfGltq1aPRaXULsb5pe2SdlmGuWZWCC2sJrQUw=="
    },
    "@react-jsonschema-form-interceptors/translate-currency": {
      "version": "2.0.0",
      "resolved": "https://registry.npmjs.org/@react-jsonschema-form-interceptors/translate-currency/-/translate-currency-2.0.0.tgz",
      "integrity": "sha512-hxaUDffJ0xAUYrvtON2KW9OZfn2fKq1Dd+0HKF1nkuhcnILxJCDWIL7yLansF0KM5vVn2P0mC4lzRYKN9SM2rg=="
    },
    "@react-jsonschema-form-interceptors/translate-range-date": {
      "version": "2.0.0",
      "resolved": "https://registry.npmjs.org/@react-jsonschema-form-interceptors/translate-range-date/-/translate-range-date-2.0.0.tgz",
      "integrity": "sha512-wctTwH3pW3MYNCtCvuPg48/hVI1lRZ4Zlfc/LY70RE92t/VJcjKmVSRbNZr3fSadmf+RwAZ/f9S+QqV10w39Dg=="
    },
    "@react-jsonschema-form-interceptors/translate-ratings": {
      "version": "2.0.0",
      "resolved": "https://registry.npmjs.org/@react-jsonschema-form-interceptors/translate-ratings/-/translate-ratings-2.0.0.tgz",
      "integrity": "sha512-pcoHvYcBcSpd4HIocw2oYOscPKtTqINoS8bhdneC7AiRKc3fUeK3cXlWXbXD71RpG7EJblsfuxOmOVJ6Tj3bhA=="
    },
    "@react-jsonschema-form-utils/enum-utils": {
      "version": "2.0.1",
      "resolved": "https://registry.npmjs.org/@react-jsonschema-form-utils/enum-utils/-/enum-utils-2.0.1.tgz",
      "integrity": "sha512-NiXHHyK8+RmOmpmiL5CBpPFohNKtJrXSpEX72Y/Sm76U2ASMC7s965mzkR6RInkNZqBYHv8S1GVsc7aTDZnybw=="
    },
    "@react-jsonschema-form-utils/parse-values": {
      "version": "2.0.1",
      "resolved": "https://registry.npmjs.org/@react-jsonschema-form-utils/parse-values/-/parse-values-2.0.1.tgz",
      "integrity": "sha512-sc1XPMigGTANDzcKnagiirenHHSTiukt7dPlmGTCujRxz3SBOoGUHDTe2/iQwYLul/+aS5clKQZDxaQRyYsz8g=="
    }
  }
}
