{
  "name": "generator",
  "version": "1.0.0",
  "lockfileVersion": 2,
  "requires": true,
  "packages": {
    "": {
      "name": "generator",
      "version": "1.0.0",
      "license": "ISC",
      "dependencies": {
        "@react-jsonschema-form-interceptors/translate-currency": "2.0.0",
        "@react-jsonschema-form-interceptors/translate-range-date": "2.0.0",
        "@react-jsonschema-form-interceptors/translate-ratings": "2.0.0",
        "@react-jsonschema-form-utils/enum-utils": "2.0.1",
        "@react-jsonschema-form-utils/parse-values": "2.0.1"
      }
    },
    "node_modules/@react-jsonschema-form-interceptors/translate-currency": {
      "version": "2.0.0",
      "resolved": "https://registry.npmjs.org/@react-jsonschema-form-interceptors/translate-currency/-/translate-currency-2.0.0.tgz",
      "integrity": "sha512-hxaUDffJ0xAUYrvtON2KW9OZfn2fKq1Dd+0HKF1nkuhcnILxJCDWIL7yLansF0KM5vVn2P0mC4lzRYKN9SM2rg=="
    },
    "node_modules/@react-jsonschema-form-interceptors/translate-range-date": {
      "version": "2.0.0",
      "resolved": "https://registry.npmjs.org/@react-jsonschema-form-interceptors/translate-range-date/-/translate-range-date-2.0.0.tgz",
      "integrity": "sha512-wctTwH3pW3MYNCtCvuPg48/hVI1lRZ4Zlfc/LY70RE92t/VJcjKmVSRbNZr3fSadmf+RwAZ/f9S+QqV10w39Dg=="
    },
    "node_modules/@react-jsonschema-form-interceptors/translate-ratings": {
      "version": "2.0.0",
      "resolved": "https://registry.npmjs.org/@react-jsonschema-form-interceptors/translate-ratings/-/translate-ratings-2.0.0.tgz",
      "integrity": "sha512-pcoHvYcBcSpd4HIocw2oYOscPKtTqINoS8bhdneC7AiRKc3fUeK3cXlWXbXD71RpG7EJblsfuxOmOVJ6Tj3bhA=="
    },
    "node_modules/@react-jsonschema-form-utils/enum-utils": {
      "version": "2.0.1",
      "resolved": "https://registry.npmjs.org/@react-jsonschema-form-utils/enum-utils/-/enum-utils-2.0.1.tgz",
      "integrity": "sha512-NiXHHyK8+RmOmpmiL5CBpPFohNKtJrXSpEX72Y/Sm76U2ASMC7s965mzkR6RInkNZqBYHv8S1GVsc7aTDZnybw=="
    },
    "node_modules/@react-jsonschema-form-utils/parse-values": {
      "version": "2.0.1",
      "resolved": "https://registry.npmjs.org/@react-jsonschema-form-utils/parse-values/-/parse-values-2.0.1.tgz",
      "integrity": "sha512-sc1XPMigGTANDzcKnagiirenHHSTiukt7dPlmGTCujRxz3SBOoGUHDTe2/iQwYLul/+aS5clKQZDxaQRyYsz8g=="
    }
  },
  "dependencies": {
    "@react-jsonschema-form-interceptors/translate-currency": {
      "version": "2.0.0",
      "resolved": "https://registry.npmjs.org/@react-jsonschema-form-interceptors/translate-currency/-/translate-currency-2.0.0.tgz",
      "integrity": "sha512-hxaUDffJ0xAUYrvtON2KW9OZfn2fKq1Dd+0HKF1nkuhcnILxJCDWIL7yLansF0KM5vVn2P0mC4lzRYKN9SM2rg=="
    },
    "@react-jsonschema-form-interceptors/translate-range-date": {
      "version": "2.0.0",
      "resolved": "https://registry.npmjs.org/@react-jsonschema-form-interceptors/translate-range-date/-/translate-range-date-2.0.0.tgz",
      "integrity": "sha512-wctTwH3pW3MYNCtCvuPg48/hVI1lRZ4Zlfc/LY70RE92t/VJcjKmVSRbNZr3fSadmf+RwAZ/f9S+QqV10w39Dg=="
    },
    "@react-jsonschema-form-interceptors/translate-ratings": {
      "version": "2.0.0",
      "resolved": "https://registry.npmjs.org/@react-jsonschema-form-interceptors/translate-ratings/-/translate-ratings-2.0.0.tgz",
      "integrity": "sha512-pcoHvYcBcSpd4HIocw2oYOscPKtTqINoS8bhdneC7AiRKc3fUeK3cXlWXbXD71RpG7EJblsfuxOmOVJ6Tj3bhA=="
    },
    "@react-jsonschema-form-utils/enum-utils": {
      "version": "2.0.1",
      "resolved": "https://registry.npmjs.org/@react-jsonschema-form-utils/enum-utils/-/enum-utils-2.0.1.tgz",
      "integrity": "sha512-NiXHHyK8+RmOmpmiL5CBpPFohNKtJrXSpEX72Y/Sm76U2ASMC7s965mzkR6RInkNZqBYHv8S1GVsc7aTDZnybw=="
    },
    "@react-jsonschema-form-utils/parse-values": {
      "version": "2.0.1",
      "resolved": "https://registry.npmjs.org/@react-jsonschema-form-utils/parse-values/-/parse-values-2.0.1.tgz",
      "integrity": "sha512-sc1XPMigGTANDzcKnagiirenHHSTiukt7dPlmGTCujRxz3SBOoGUHDTe2/iQwYLul/+aS5clKQZDxaQRyYsz8g=="
    }
  }
}
