{
  "name": "generator",
  "version": "1.0.0",
  "lockfileVersion": 1,
  "requires": true,
  "dependencies": {
    "@react-jsonschema-form-components/creatable-react-select": {
      "version": "1.0.0",
      "resolved": "https://registry.npmjs.org/@react-jsonschema-form-components/creatable-react-select/-/creatable-react-select-1.0.0.tgz",
      "integrity": "sha512-ToavUuiTRv0FEBIBGhT3FweB+1LPn+YCci0hCjWDggOvWTtgsgzPKKYb0JTh9Ok2oY1IvVSpMxfU0sUN3iihwg=="
    },
    "@react-jsonschema-form-components/material-checkbox": {
      "version": "1.0.0",
      "resolved": "https://registry.npmjs.org/@react-jsonschema-form-components/material-checkbox/-/material-checkbox-1.0.0.tgz",
      "integrity": "sha512-vIkJE/burs+0izvi7DzXb3dnWDE0ubIOhK9woki8LoKQQMASfdONNOevJpxJ3aNt5t95wsnXs9rL7v/TnGZMnQ=="
    },
    "@react-jsonschema-form-components/material-input": {
      "version": "1.0.1",
      "resolved": "https://registry.npmjs.org/@react-jsonschema-form-components/material-input/-/material-input-1.0.1.tgz",
      "integrity": "sha512-kYcT6+SzATjRGLrMGoqmI97P0IIyQbVXi6TB0dxr8LF3n8nV01HAKQxM/zIbMdarc/vSOtnckNKx5eEn/o8a3w=="
    },
    "@react-jsonschema-form-components/material-picker": {
      "version": "1.0.0",
      "resolved": "https://registry.npmjs.org/@react-jsonschema-form-components/material-picker/-/material-picker-1.0.0.tgz",
      "integrity": "sha512-DT+EcKGyiGMkrKrR2KmejesOwEghgIPnN1jVQgrMwIHr66hvUawfEuqvD+S9r4Q9CQJfCwvm9j8dGoGoodaYfA=="
    },
    "@react-jsonschema-form-components/material-radio-group": {
      "version": "1.0.1",
      "resolved": "https://registry.npmjs.org/@react-jsonschema-form-components/material-radio-group/-/material-radio-group-1.0.1.tgz",
      "integrity": "sha512-vpdvko9FRvQaZk2uCH6LogTjt71hctrf0KjTcejp9HOdLDwCOFG54d3kaQayqWIbTfI78bdVCkbrDLV7WIvogQ=="
    },
    "@react-jsonschema-form-components/material-select": {
      "version": "1.0.0",
      "resolved": "https://registry.npmjs.org/@react-jsonschema-form-components/material-select/-/material-select-1.0.0.tgz",
      "integrity": "sha512-9u3QW515n/RrqVTGVWkSaXFOyHJF8o3SIKbebW32zROS/RdPhbKkuX08zTlr6pkZf6Mq7uTV9SCxv+pOmwLWEA=="
    },
    "@react-jsonschema-form-components/react-select": {
      "version": "1.0.1",
      "resolved": "https://registry.npmjs.org/@react-jsonschema-form-components/react-select/-/react-select-1.0.1.tgz",
      "integrity": "sha512-NICIxtMYSkICCyT/OlEKrqwFnZXy4OUU7wb2u287LSjlIT28sjyUwNry5fd+cw8lDMmBhRMvU2muqlwO0mtAdQ=="
    },
    "@react-jsonschema-form-components/rich-text-editor": {
      "version": "1.0.1",
      "resolved": "https://registry.npmjs.org/@react-jsonschema-form-components/rich-text-editor/-/rich-text-editor-1.0.1.tgz",
      "integrity": "sha512-aw+dcWVXIlgPFL1eZqCSZS58KmZdWdXf0afcA2ltMwVvW3OK18VCpj1RBaFihrkhBEXF0KCb8Q0KM5U38mJitA=="
    },
    "@react-jsonschema-form-components/upload": {
      "version": "1.0.3",
      "resolved": "https://registry.npmjs.org/@react-jsonschema-form-components/upload/-/upload-1.0.3.tgz",
      "integrity": "sha512-liAeIgiUslzjDRlLdymP8xL4dipl8B/wNzVFnY/he+o6DVONWbrBar9PCclLRMkkp+zX0KzuWNYLhX2vUZ41DQ=="
    }
  }
}
